
Microsoft Visual Studio Solution File, Format Version 12.00
# Visual Studio Version 16
VisualStudioVersion = 16.0.29613.14
MinimumVisualStudioVersion = 10.0.40219.1
Project("{FAE04EC0-301F-11D3-BF4B-00C04F79EFBC}") = "Collage_Moodle", "Collage_Moodle\Collage_Moodle.csproj", "{FC239393-BFB4-47C2-9DE0-EC88BC09AE1B}"
EndProject
Global
	GlobalSection(SolutionConfigurationPlatforms) = preSolution
		Debug|Any CPU = Debug|Any CPU
		Release|Any CPU = Release|Any CPU
	EndGlobalSection
	GlobalSection(ProjectConfigurationPlatforms) = postSolution
		{FC239393-BFB4-47C2-9DE0-EC88BC09AE1B}.Debug|Any CPU.ActiveCfg = Debug|Any CPU
		{FC239393-BFB4-47C2-9DE0-EC88BC09AE1B}.Debug|Any CPU.Build.0 = Debug|Any CPU
		{FC239393-BFB4-47C2-9DE0-EC88BC09AE1B}.Release|Any CPU.ActiveCfg = Release|Any CPU
		{FC239393-BFB4-47C2-9DE0-EC88BC09AE1B}.Release|Any CPU.Build.0 = Release|Any CPU
	EndGlobalSection
	GlobalSection(SolutionProperties) = preSolution
		HideSolutionNode = FALSE
	EndGlobalSection
	GlobalSection(ExtensibilityGlobals) = postSolution
		SolutionGuid = {3CC1F04E-44AC-45C7-84A8-20B66419CB34}
	EndGlobalSection
EndGlobal
